// !$*UTF8*$!
{
	archiveVersion = 1;
	classes = {
	};
	objectVersion = 56;
	objects = {

/* Begin PBXBuildFile section */
		3F0D397029D31A8B009AC073 /* CustomTextField.swift in Sources */ = {isa = PBXBuildFile; fileRef = 3F0D396F29D31A8B009AC073 /* CustomTextField.swift */; };
		3F0D397229D31AEA009AC073 /* LoginViewController.swift in Sources */ = {isa = PBXBuildFile; fileRef = 3F0D397129D31AEA009AC073 /* LoginViewController.swift */; };
		3F0D397629D31B77009AC073 /* Login.storyboard in Resources */ = {isa = PBXBuildFile; fileRef = 3F0D397529D31B77009AC073 /* Login.storyboard */; };
		3F0D397829D31C24009AC073 /* ItemDetails.storyboard in Resources */ = {isa = PBXBuildFile; fileRef = 3F0D397729D31C24009AC073 /* ItemDetails.storyboard */; };
		6A2D1DC929D06DAE004D48B0 /* GoogleService-Info.plist in Resources */ = {isa = PBXBuildFile; fileRef = 6A2D1DC829D06DAE004D48B0 /* GoogleService-Info.plist */; };
		6A2D1DCC29D06E09004D48B0 /* FirebaseAuth in Frameworks */ = {isa = PBXBuildFile; productRef = 6A2D1DCB29D06E09004D48B0 /* FirebaseAuth */; };
		6A2D1DCE29D06E09004D48B0 /* FirebaseDatabase in Frameworks */ = {isa = PBXBuildFile; productRef = 6A2D1DCD29D06E09004D48B0 /* FirebaseDatabase */; };
		6A2D1DD029D06E09004D48B0 /* FirebaseStorage in Frameworks */ = {isa = PBXBuildFile; productRef = 6A2D1DCF29D06E09004D48B0 /* FirebaseStorage */; };
		6A517A5B29CB357E00C2929B /* AppDelegate.swift in Sources */ = {isa = PBXBuildFile; fileRef = 6A517A5A29CB357E00C2929B /* AppDelegate.swift */; };
		6A517A5D29CB357E00C2929B /* SceneDelegate.swift in Sources */ = {isa = PBXBuildFile; fileRef = 6A517A5C29CB357E00C2929B /* SceneDelegate.swift */; };
		6A517A5F29CB357E00C2929B /* ViewController.swift in Sources */ = {isa = PBXBuildFile; fileRef = 6A517A5E29CB357E00C2929B /* ViewController.swift */; };
		6A517A6229CB357E00C2929B /* Main.storyboard in Resources */ = {isa = PBXBuildFile; fileRef = 6A517A6029CB357E00C2929B /* Main.storyboard */; };
		6A517A6429CB357F00C2929B /* Assets.xcassets in Resources */ = {isa = PBXBuildFile; fileRef = 6A517A6329CB357F00C2929B /* Assets.xcassets */; };
		6A517A6729CB357F00C2929B /* LaunchScreen.storyboard in Resources */ = {isa = PBXBuildFile; fileRef = 6A517A6529CB357F00C2929B /* LaunchScreen.storyboard */; };
		6A73A06729D3045700F6FFAD /* ItemDetails.storyboard in Resources */ = {isa = PBXBuildFile; fileRef = 6A73A06629D3045700F6FFAD /* ItemDetails.storyboard */; };
		6A73A06B29D317E100F6FFAD /* Profile.storyboard in Resources */ = {isa = PBXBuildFile; fileRef = 6A73A06A29D317E100F6FFAD /* Profile.storyboard */; };
		6A9AFE7E29D1BCD000C4CFAB /* User.swift in Sources */ = {isa = PBXBuildFile; fileRef = 6A9AFE7D29D1BCD000C4CFAB /* User.swift */; };
		6A9AFE7F29D1BCD000C4CFAB /* Profile.swift in Sources */ = {isa = PBXBuildFile; fileRef = 6A9AFE7B29D1BCD000C4CFAB /* Profile.swift */; };
		6A9AFE8029D1BCD000C4CFAB /* Item.swift in Sources */ = {isa = PBXBuildFile; fileRef = 6A9AFE7C29D1BCD000C4CFAB /* Item.swift */; };
/* End PBXBuildFile section */

/* Begin PBXFileReference section */
		3F0D396F29D31A8B009AC073 /* CustomTextField.swift */ = {isa = PBXFileReference; lastKnownFileType = sourcecode.swift; path = CustomTextField.swift; sourceTree = "<group>"; };
		3F0D397129D31AEA009AC073 /* LoginViewController.swift */ = {isa = PBXFileReference; lastKnownFileType = sourcecode.swift; path = LoginViewController.swift; sourceTree = "<group>"; };
		3F0D397529D31B77009AC073 /* Login.storyboard */ = {isa = PBXFileReference; lastKnownFileType = file.storyboard; path = Login.storyboard; sourceTree = "<group>"; };
		3F0D397729D31C24009AC073 /* ItemDetails.storyboard */ = {isa = PBXFileReference; fileEncoding = 4; lastKnownFileType = file.storyboard; path = ItemDetails.storyboard; sourceTree = "<group>"; };
		6A2D1DC829D06DAE004D48B0 /* GoogleService-Info.plist */ = {isa = PBXFileReference; fileEncoding = 4; lastKnownFileType = text.plist.xml; path = "GoogleService-Info.plist"; sourceTree = "<group>"; };
		6A517A5729CB357E00C2929B /* Refur.app */ = {isa = PBXFileReference; explicitFileType = wrapper.application; includeInIndex = 0; path = Refur.app; sourceTree = BUILT_PRODUCTS_DIR; };
		6A517A5A29CB357E00C2929B /* AppDelegate.swift */ = {isa = PBXFileReference; lastKnownFileType = sourcecode.swift; path = AppDelegate.swift; sourceTree = "<group>"; };
		6A517A5C29CB357E00C2929B /* SceneDelegate.swift */ = {isa = PBXFileReference; lastKnownFileType = sourcecode.swift; path = SceneDelegate.swift; sourceTree = "<group>"; };
		6A517A5E29CB357E00C2929B /* ViewController.swift */ = {isa = PBXFileReference; lastKnownFileType = sourcecode.swift; path = ViewController.swift; sourceTree = "<group>"; };
		6A517A6129CB357E00C2929B /* Base */ = {isa = PBXFileReference; lastKnownFileType = file.storyboard; name = Base; path = Base.lproj/Main.storyboard; sourceTree = "<group>"; };
		6A517A6329CB357F00C2929B /* Assets.xcassets */ = {isa = PBXFileReference; lastKnownFileType = folder.assetcatalog; path = Assets.xcassets; sourceTree = "<group>"; };
		6A517A6629CB357F00C2929B /* Base */ = {isa = PBXFileReference; lastKnownFileType = file.storyboard; name = Base; path = Base.lproj/LaunchScreen.storyboard; sourceTree = "<group>"; };
		6A517A6829CB357F00C2929B /* Info.plist */ = {isa = PBXFileReference; lastKnownFileType = text.plist.xml; path = Info.plist; sourceTree = "<group>"; };
		6A73A06629D3045700F6FFAD /* ItemDetails.storyboard */ = {isa = PBXFileReference; fileEncoding = 4; lastKnownFileType = file.storyboard; path = ItemDetails.storyboard; sourceTree = "<group>"; };
		6A73A06A29D317E100F6FFAD /* Profile.storyboard */ = {isa = PBXFileReference; lastKnownFileType = file.storyboard; path = Profile.storyboard; sourceTree = "<group>"; };
		6A9AFE7B29D1BCD000C4CFAB /* Profile.swift */ = {isa = PBXFileReference; lastKnownFileType = sourcecode.swift; path = Profile.swift; sourceTree = "<group>"; };
		6A9AFE7C29D1BCD000C4CFAB /* Item.swift */ = {isa = PBXFileReference; lastKnownFileType = sourcecode.swift; path = Item.swift; sourceTree = "<group>"; };
		6A9AFE7D29D1BCD000C4CFAB /* User.swift */ = {isa = PBXFileReference; lastKnownFileType = sourcecode.swift; path = User.swift; sourceTree = "<group>"; };
/* End PBXFileReference section */

/* Begin PBXFrameworksBuildPhase section */
		6A517A5429CB357E00C2929B /* Frameworks */ = {
			isa = PBXFrameworksBuildPhase;
			buildActionMask = 2147483647;
			files = (
				6A2D1DCE29D06E09004D48B0 /* FirebaseDatabase in Frameworks */,
				6A2D1DCC29D06E09004D48B0 /* FirebaseAuth in Frameworks */,
				6A2D1DD029D06E09004D48B0 /* FirebaseStorage in Frameworks */,
			);
			runOnlyForDeploymentPostprocessing = 0;
		};
/* End PBXFrameworksBuildPhase section */

/* Begin PBXGroup section */
		6A517A4E29CB357E00C2929B = {
			isa = PBXGroup;
			children = (
				6A517A5929CB357E00C2929B /* Refur */,
				6A517A5829CB357E00C2929B /* Products */,
			);
			sourceTree = "<group>";
		};
		6A517A5829CB357E00C2929B /* Products */ = {
			isa = PBXGroup;
			children = (
				6A517A5729CB357E00C2929B /* Refur.app */,
			);
			name = Products;
			sourceTree = "<group>";
		};
		6A517A5929CB357E00C2929B /* Refur */ = {
			isa = PBXGroup;
			children = (
				6A517A5A29CB357E00C2929B /* AppDelegate.swift */,
				6A517A5C29CB357E00C2929B /* SceneDelegate.swift */,
				6A517A5E29CB357E00C2929B /* ViewController.swift */,
				3F0D396F29D31A8B009AC073 /* CustomTextField.swift */,
				3F0D397129D31AEA009AC073 /* LoginViewController.swift */,
				3F0D397729D31C24009AC073 /* ItemDetails.storyboard */,
				3F0D397529D31B77009AC073 /* Login.storyboard */,
				6A517A6029CB357E00C2929B /* Main.storyboard */,
				6A517A6329CB357F00C2929B /* Assets.xcassets */,
				6A517A6529CB357F00C2929B /* LaunchScreen.storyboard */,
				6A73A06629D3045700F6FFAD /* ItemDetails.storyboard */,
				6A73A06A29D317E100F6FFAD /* Profile.storyboard */,
				6A9AFE8129D1BCDF00C4CFAB /* Model */,
				6A517A6829CB357F00C2929B /* Info.plist */,
				6A2D1DC829D06DAE004D48B0 /* GoogleService-Info.plist */,
			);
			path = Refur;
			sourceTree = "<group>";
		};
		6A9AFE8129D1BCDF00C4CFAB /* Model */ = {
			isa = PBXGroup;
			children = (
				6A9AFE7C29D1BCD000C4CFAB /* Item.swift */,
				6A9AFE7B29D1BCD000C4CFAB /* Profile.swift */,
				6A9AFE7D29D1BCD000C4CFAB /* User.swift */,
			);
			path = Model;
			sourceTree = "<group>";
		};
/* End PBXGroup section */

/* Begin PBXNativeTarget section */
		6A517A5629CB357E00C2929B /* Refur */ = {
			isa = PBXNativeTarget;
			buildConfigurationList = 6A517A6B29CB357F00C2929B /* Build configuration list for PBXNativeTarget "Refur" */;
			buildPhases = (
				6A517A5329CB357E00C2929B /* Sources */,
				6A517A5429CB357E00C2929B /* Frameworks */,
				6A517A5529CB357E00C2929B /* Resources */,
			);
			buildRules = (
			);
			dependencies = (
			);
			name = Refur;
			packageProductDependencies = (
				6A2D1DCB29D06E09004D48B0 /* FirebaseAuth */,
				6A2D1DCD29D06E09004D48B0 /* FirebaseDatabase */,
				6A2D1DCF29D06E09004D48B0 /* FirebaseStorage */,
			);
			productName = Refur;
			productReference = 6A517A5729CB357E00C2929B /* Refur.app */;
			productType = "com.apple.product-type.application";
		};
/* End PBXNativeTarget section */

/* Begin PBXProject section */
		6A517A4F29CB357E00C2929B /* Project object */ = {
			isa = PBXProject;
			attributes = {
				BuildIndependentTargetsInParallel = 1;
				LastSwiftUpdateCheck = 1420;
				LastUpgradeCheck = 1420;
				TargetAttributes = {
					6A517A5629CB357E00C2929B = {
						CreatedOnToolsVersion = 14.2;
					};
				};
			};
			buildConfigurationList = 6A517A5229CB357E00C2929B /* Build configuration list for PBXProject "Refur" */;
			compatibilityVersion = "Xcode 14.0";
			developmentRegion = en;
			hasScannedForEncodings = 0;
			knownRegions = (
				en,
				Base,
			);
			mainGroup = 6A517A4E29CB357E00C2929B;
			packageReferences = (
				6A2D1DCA29D06E09004D48B0 /* XCRemoteSwiftPackageReference "firebase-ios-sdk" */,
			);
			productRefGroup = 6A517A5829CB357E00C2929B /* Products */;
			projectDirPath = "";
			projectRoot = "";
			targets = (
				6A517A5629CB357E00C2929B /* Refur */,
			);
		};
/* End PBXProject section */

/* Begin PBXResourcesBuildPhase section */
		6A517A5529CB357E00C2929B /* Resources */ = {
			isa = PBXResourcesBuildPhase;
			buildActionMask = 2147483647;
			files = (
				3F0D397829D31C24009AC073 /* ItemDetails.storyboard in Resources */,
				6A517A6729CB357F00C2929B /* LaunchScreen.storyboard in Resources */,
				6A517A6429CB357F00C2929B /* Assets.xcassets in Resources */,
				6A2D1DC929D06DAE004D48B0 /* GoogleService-Info.plist in Resources */,
				3F0D397629D31B77009AC073 /* Login.storyboard in Resources */,
				6A517A6229CB357E00C2929B /* Main.storyboard in Resources */,
				6A73A06B29D317E100F6FFAD /* Profile.storyboard in Resources */,
				6A73A06729D3045700F6FFAD /* ItemDetails.storyboard in Resources */,
			);
			runOnlyForDeploymentPostprocessing = 0;
		};
/* End PBXResourcesBuildPhase section */

/* Begin PBXSourcesBuildPhase section */
		6A517A5329CB357E00C2929B /* Sources */ = {
			isa = PBXSourcesBuildPhase;
			buildActionMask = 2147483647;
			files = (
				3F0D397029D31A8B009AC073 /* CustomTextField.swift in Sources */,
				6A9AFE7F29D1BCD000C4CFAB /* Profile.swift in Sources */,
				6A517A5F29CB357E00C2929B /* ViewController.swift in Sources */,
				6A517A5B29CB357E00C2929B /* AppDelegate.swift in Sources */,
				3F0D397229D31AEA009AC073 /* LoginViewController.swift in Sources */,
				6A9AFE8029D1BCD000C4CFAB /* Item.swift in Sources */,
				6A9AFE7E29D1BCD000C4CFAB /* User.swift in Sources */,
				6A517A5D29CB357E00C2929B /* SceneDelegate.swift in Sources */,
			);
			runOnlyForDeploymentPostprocessing = 0;
		};
/* End PBXSourcesBuildPhase section */

/* Begin PBXVariantGroup section */
		6A517A6029CB357E00C2929B /* Main.storyboard */ = {
			isa = PBXVariantGroup;
			children = (
				6A517A6129CB357E00C2929B /* Base */,
			);
			name = Main.storyboard;
			sourceTree = "<group>";
		};
		6A517A6529CB357F00C2929B /* LaunchScreen.storyboard */ = {
			isa = PBXVariantGroup;
			children = (
				6A517A6629CB357F00C2929B /* Base */,
			);
			name = LaunchScreen.storyboard;
			sourceTree = "<group>";
		};
/* End PBXVariantGroup section */

/* Begin XCBuildConfiguration section */
		6A517A6929CB357F00C2929B /* Debug */ = {
			isa = XCBuildConfiguration;
			buildSettings = {
				ALWAYS_SEARCH_USER_PATHS = NO;
				CLANG_ANALYZER_NONNULL = YES;
				CLANG_ANALYZER_NUMBER_OBJECT_CONVERSION = YES_AGGRESSIVE;
				CLANG_CXX_LANGUAGE_STANDARD = "gnu++20";
				CLANG_ENABLE_MODULES = YES;
				CLANG_ENABLE_OBJC_ARC = YES;
				CLANG_ENABLE_OBJC_WEAK = YES;
				CLANG_WARN_BLOCK_CAPTURE_AUTORELEASING = YES;
				CLANG_WARN_BOOL_CONVERSION = YES;
				CLANG_WARN_COMMA = YES;
				CLANG_WARN_CONSTANT_CONVERSION = YES;
				CLANG_WARN_DEPRECATED_OBJC_IMPLEMENTATIONS = YES;
				CLANG_WARN_DIRECT_OBJC_ISA_USAGE = YES_ERROR;
				CLANG_WARN_DOCUMENTATION_COMMENTS = YES;
				CLANG_WARN_EMPTY_BODY = YES;
				CLANG_WARN_ENUM_CONVERSION = YES;
				CLANG_WARN_INFINITE_RECURSION = YES;
				CLANG_WARN_INT_CONVERSION = YES;
				CLANG_WARN_NON_LITERAL_NULL_CONVERSION = YES;
				CLANG_WARN_OBJC_IMPLICIT_RETAIN_SELF = YES;
				CLANG_WARN_OBJC_LITERAL_CONVERSION = YES;
				CLANG_WARN_OBJC_ROOT_CLASS = YES_ERROR;
				CLANG_WARN_QUOTED_INCLUDE_IN_FRAMEWORK_HEADER = YES;
				CLANG_WARN_RANGE_LOOP_ANALYSIS = YES;
				CLANG_WARN_STRICT_PROTOTYPES = YES;
				CLANG_WARN_SUSPICIOUS_MOVE = YES;
				CLANG_WARN_UNGUARDED_AVAILABILITY = YES_AGGRESSIVE;
				CLANG_WARN_UNREACHABLE_CODE = YES;
				CLANG_WARN__DUPLICATE_METHOD_MATCH = YES;
				COPY_PHASE_STRIP = NO;
				DEBUG_INFORMATION_FORMAT = dwarf;
				ENABLE_STRICT_OBJC_MSGSEND = YES;
				ENABLE_TESTABILITY = YES;
				GCC_C_LANGUAGE_STANDARD = gnu11;
				GCC_DYNAMIC_NO_PIC = NO;
				GCC_NO_COMMON_BLOCKS = YES;
				GCC_OPTIMIZATION_LEVEL = 0;
				GCC_PREPROCESSOR_DEFINITIONS = (
					"DEBUG=1",
					"$(inherited)",
				);
				GCC_WARN_64_TO_32_BIT_CONVERSION = YES;
				GCC_WARN_ABOUT_RETURN_TYPE = YES_ERROR;
				GCC_WARN_UNDECLARED_SELECTOR = YES;
				GCC_WARN_UNINITIALIZED_AUTOS = YES_AGGRESSIVE;
				GCC_WARN_UNUSED_FUNCTION = YES;
				GCC_WARN_UNUSED_VARIABLE = YES;
				IPHONEOS_DEPLOYMENT_TARGET = 16.2;
				MTL_ENABLE_DEBUG_INFO = INCLUDE_SOURCE;
				MTL_FAST_MATH = YES;
				ONLY_ACTIVE_ARCH = YES;
				SDKROOT = iphoneos;
				SWIFT_ACTIVE_COMPILATION_CONDITIONS = DEBUG;
				SWIFT_OPTIMIZATION_LEVEL = "-Onone";
			};
			name = Debug;
		};
		6A517A6A29CB357F00C2929B /* Release */ = {
			isa = XCBuildConfiguration;
			buildSettings = {
				ALWAYS_SEARCH_USER_PATHS = NO;
				CLANG_ANALYZER_NONNULL = YES;
				CLANG_ANALYZER_NUMBER_OBJECT_CONVERSION = YES_AGGRESSIVE;
				CLANG_CXX_LANGUAGE_STANDARD = "gnu++20";
				CLANG_ENABLE_MODULES = YES;
				CLANG_ENABLE_OBJC_ARC = YES;
				CLANG_ENABLE_OBJC_WEAK = YES;
				CLANG_WARN_BLOCK_CAPTURE_AUTORELEASING = YES;
				CLANG_WARN_BOOL_CONVERSION = YES;
				CLANG_WARN_COMMA = YES;
				CLANG_WARN_CONSTANT_CONVERSION = YES;
				CLANG_WARN_DEPRECATED_OBJC_IMPLEMENTATIONS = YES;
				CLANG_WARN_DIRECT_OBJC_ISA_USAGE = YES_ERROR;
				CLANG_WARN_DOCUMENTATION_COMMENTS = YES;
				CLANG_WARN_EMPTY_BODY = YES;
				CLANG_WARN_ENUM_CONVERSION = YES;
				CLANG_WARN_INFINITE_RECURSION = YES;
				CLANG_WARN_INT_CONVERSION = YES;
				CLANG_WARN_NON_LITERAL_NULL_CONVERSION = YES;
				CLANG_WARN_OBJC_IMPLICIT_RETAIN_SELF = YES;
				CLANG_WARN_OBJC_LITERAL_CONVERSION = YES;
				CLANG_WARN_OBJC_ROOT_CLASS = YES_ERROR;
				CLANG_WARN_QUOTED_INCLUDE_IN_FRAMEWORK_HEADER = YES;
				CLANG_WARN_RANGE_LOOP_ANALYSIS = YES;
				CLANG_WARN_STRICT_PROTOTYPES = YES;
				CLANG_WARN_SUSPICIOUS_MOVE = YES;
				CLANG_WARN_UNGUARDED_AVAILABILITY = YES_AGGRESSIVE;
				CLANG_WARN_UNREACHABLE_CODE = YES;
				CLANG_WARN__DUPLICATE_METHOD_MATCH = YES;
				COPY_PHASE_STRIP = NO;
				DEBUG_INFORMATION_FORMAT = "dwarf-with-dsym";
				ENABLE_NS_ASSERTIONS = NO;
				ENABLE_STRICT_OBJC_MSGSEND = YES;
				GCC_C_LANGUAGE_STANDARD = gnu11;
				GCC_NO_COMMON_BLOCKS = YES;
				GCC_WARN_64_TO_32_BIT_CONVERSION = YES;
				GCC_WARN_ABOUT_RETURN_TYPE = YES_ERROR;
				GCC_WARN_UNDECLARED_SELECTOR = YES;
				GCC_WARN_UNINITIALIZED_AUTOS = YES_AGGRESSIVE;
				GCC_WARN_UNUSED_FUNCTION = YES;
				GCC_WARN_UNUSED_VARIABLE = YES;
				IPHONEOS_DEPLOYMENT_TARGET = 16.2;
				MTL_ENABLE_DEBUG_INFO = NO;
				MTL_FAST_MATH = YES;
				SDKROOT = iphoneos;
				SWIFT_COMPILATION_MODE = wholemodule;
				SWIFT_OPTIMIZATION_LEVEL = "-O";
				VALIDATE_PRODUCT = YES;
			};
			name = Release;
		};
		6A517A6C29CB357F00C2929B /* Debug */ = {
			isa = XCBuildConfiguration;
			buildSettings = {
				ASSETCATALOG_COMPILER_APPICON_NAME = AppIcon;
				ASSETCATALOG_COMPILER_GLOBAL_ACCENT_COLOR_NAME = AccentColor;
				CODE_SIGN_STYLE = Automatic;
				CURRENT_PROJECT_VERSION = 1;
				DEVELOPMENT_TEAM = NQ5LBB4VXQ;
				GENERATE_INFOPLIST_FILE = YES;
				INFOPLIST_FILE = Refur/Info.plist;
				INFOPLIST_KEY_UIApplicationSupportsIndirectInputEvents = YES;
				INFOPLIST_KEY_UILaunchStoryboardName = LaunchScreen;
				INFOPLIST_KEY_UIMainStoryboardFile = Main;
				INFOPLIST_KEY_UISupportedInterfaceOrientations_iPad = "UIInterfaceOrientationPortrait UIInterfaceOrientationPortraitUpsideDown UIInterfaceOrientationLandscapeLeft UIInterfaceOrientationLandscapeRight";
				INFOPLIST_KEY_UISupportedInterfaceOrientations_iPhone = "UIInterfaceOrientationPortrait UIInterfaceOrientationLandscapeLeft UIInterfaceOrientationLandscapeRight";
				LD_RUNPATH_SEARCH_PATHS = (
					"$(inherited)",
					"@executable_path/Frameworks",
				);
				MARKETING_VERSION = 1.0;
				PRODUCT_BUNDLE_IDENTIFIER = bh.polytechnic.Refur;
				PRODUCT_NAME = "$(TARGET_NAME)";
				SWIFT_EMIT_LOC_STRINGS = YES;
				SWIFT_VERSION = 5.0;
				TARGETED_DEVICE_FAMILY = "1,2";
			};
			name = Debug;
		};
		6A517A6D29CB357F00C2929B /* Release */ = {
			isa = XCBuildConfiguration;
			buildSettings = {
				ASSETCATALOG_COMPILER_APPICON_NAME = AppIcon;
				ASSETCATALOG_COMPILER_GLOBAL_ACCENT_COLOR_NAME = AccentColor;
				CODE_SIGN_STYLE = Automatic;
				CURRENT_PROJECT_VERSION = 1;
				DEVELOPMENT_TEAM = NQ5LBB4VXQ;
				GENERATE_INFOPLIST_FILE = YES;
				INFOPLIST_FILE = Refur/Info.plist;
				INFOPLIST_KEY_UIApplicationSupportsIndirectInputEvents = YES;
				INFOPLIST_KEY_UILaunchStoryboardName = LaunchScreen;
				INFOPLIST_KEY_UIMainStoryboardFile = Main;
				INFOPLIST_KEY_UISupportedInterfaceOrientations_iPad = "UIInterfaceOrientationPortrait UIInterfaceOrientationPortraitUpsideDown UIInterfaceOrientationLandscapeLeft UIInterfaceOrientationLandscapeRight";
				INFOPLIST_KEY_UISupportedInterfaceOrientations_iPhone = "UIInterfaceOrientationPortrait UIInterfaceOrientationLandscapeLeft UIInterfaceOrientationLandscapeRight";
				LD_RUNPATH_SEARCH_PATHS = (
					"$(inherited)",
					"@executable_path/Frameworks",
				);
				MARKETING_VERSION = 1.0;
				PRODUCT_BUNDLE_IDENTIFIER = bh.polytechnic.Refur;
				PRODUCT_NAME = "$(TARGET_NAME)";
				SWIFT_EMIT_LOC_STRINGS = YES;
				SWIFT_VERSION = 5.0;
				TARGETED_DEVICE_FAMILY = "1,2";
			};
			name = Release;
		};
/* End XCBuildConfiguration section */

/* Begin XCConfigurationList section */
		6A517A5229CB357E00C2929B /* Build configuration list for PBXProject "Refur" */ = {
			isa = XCConfigurationList;
			buildConfigurations = (
				6A517A6929CB357F00C2929B /* Debug */,
				6A517A6A29CB357F00C2929B /* Release */,
			);
			defaultConfigurationIsVisible = 0;
			defaultConfigurationName = Release;
		};
		6A517A6B29CB357F00C2929B /* Build configuration list for PBXNativeTarget "Refur" */ = {
			isa = XCConfigurationList;
			buildConfigurations = (
				6A517A6C29CB357F00C2929B /* Debug */,
				6A517A6D29CB357F00C2929B /* Release */,
			);
			defaultConfigurationIsVisible = 0;
			defaultConfigurationName = Release;
		};
/* End XCConfigurationList section */

/* Begin XCRemoteSwiftPackageReference section */
		6A2D1DCA29D06E09004D48B0 /* XCRemoteSwiftPackageReference "firebase-ios-sdk" */ = {
			isa = XCRemoteSwiftPackageReference;
			repositoryURL = "https://github.com/firebase/firebase-ios-sdk";
			requirement = {
				branch = master;
				kind = branch;
			};
		};
/* End XCRemoteSwiftPackageReference section */

/* Begin XCSwiftPackageProductDependency section */
		6A2D1DCB29D06E09004D48B0 /* FirebaseAuth */ = {
			isa = XCSwiftPackageProductDependency;
			package = 6A2D1DCA29D06E09004D48B0 /* XCRemoteSwiftPackageReference "firebase-ios-sdk" */;
			productName = FirebaseAuth;
		};
		6A2D1DCD29D06E09004D48B0 /* FirebaseDatabase */ = {
			isa = XCSwiftPackageProductDependency;
			package = 6A2D1DCA29D06E09004D48B0 /* XCRemoteSwiftPackageReference "firebase-ios-sdk" */;
			productName = FirebaseDatabase;
		};
		6A2D1DCF29D06E09004D48B0 /* FirebaseStorage */ = {
			isa = XCSwiftPackageProductDependency;
			package = 6A2D1DCA29D06E09004D48B0 /* XCRemoteSwiftPackageReference "firebase-ios-sdk" */;
			productName = FirebaseStorage;
		};
/* End XCSwiftPackageProductDependency section */
	};
	rootObject = 6A517A4F29CB357E00C2929B /* Project object */;
}
